Microsoft Visual Studio Solution File, Format Version 12.00
# Visual Studio Version 17
VisualStudioVersion = 17.5.2.0
MinimumVisualStudioVersion = 10.0.40219.1
Project("{FAE04EC0-301F-11D3-BF4B-00C04F79EFBC}") = "LLEAP", "LLEAP.csproj", "{0D040067-8CDB-E98D-9143-547EE42F14CF}"
EndProject
Global
	GlobalSection(SolutionConfigurationPlatforms) = preSolution
		Debug|Any CPU = Debug|Any CPU
		Release|Any CPU = Release|Any CPU
	EndGlobalSection
	GlobalSection(ProjectConfigurationPlatforms) = postSolution
		{0D040067-8CDB-E98D-9143-547EE42F14CF}.Debug|Any CPU.ActiveCfg = Debug|Any CPU
		{0D040067-8CDB-E98D-9143-547EE42F14CF}.Debug|Any CPU.Build.0 = Debug|Any CPU
		{0D040067-8CDB-E98D-9143-547EE42F14CF}.Release|Any CPU.ActiveCfg = Release|Any CPU
		{0D040067-8CDB-E98D-9143-547EE42F14CF}.Release|Any CPU.Build.0 = Release|Any CPU
	EndGlobalSection
	GlobalSection(SolutionProperties) = preSolution
		HideSolutionNode = FALSE
	EndGlobalSection
	GlobalSection(ExtensibilityGlobals) = postSolution
		SolutionGuid = {423351CF-7FC6-4251-84B9-EF2DA862FEAA}
	EndGlobalSection
EndGlobal
